// !$*UTF8*$!
{
	archiveVersion = 1;
	classes = {
	};
	objectVersion = 46;
	objects = {

/* Begin PBXBuildFile section */
		1760206119D2EA1400093F06 /* Foundation.framework in Frameworks */ = {isa = PBXBuildFile; fileRef = 1760206019D2EA1400093F06 /* Foundation.framework */; };
		1760206319D2EA1400093F06 /* CoreGraphics.framework in Frameworks */ = {isa = PBXBuildFile; fileRef = 1760206219D2EA1400093F06 /* CoreGraphics.framework */; };
		1760206519D2EA1400093F06 /* UIKit.framework in Frameworks */ = {isa = PBXBuildFile; fileRef = 1760206419D2EA1400093F06 /* UIKit.framework */; };
		1760206B19D2EA1400093F06 /* InfoPlist.strings in Resources */ = {isa = PBXBuildFile; fileRef = 1760206919D2EA1400093F06 /* InfoPlist.strings */; };
		1760206D19D2EA1400093F06 /* main.m in Sources */ = {isa = PBXBuildFile; fileRef = 1760206C19D2EA1400093F06 /* main.m */; };
		1760207119D2EA1400093F06 /* SRSAppDelegate.m in Sources */ = {isa = PBXBuildFile; fileRef = 1760207019D2EA1400093F06 /* SRSAppDelegate.m */; };
		1760207419D2EA1400093F06 /* Main_iPhone.storyboard in Resources */ = {isa = PBXBuildFile; fileRef = 1760207219D2EA1400093F06 /* Main_iPhone.storyboard */; };
		1760207719D2EA1400093F06 /* Main_iPad.storyboard in Resources */ = {isa = PBXBuildFile; fileRef = 1760207519D2EA1400093F06 /* Main_iPad.storyboard */; };
		1760207A19D2EA1400093F06 /* SRSViewController.m in Sources */ = {isa = PBXBuildFile; fileRef = 1760207919D2EA1400093F06 /* SRSViewController.m */; };
		1760207C19D2EA1400093F06 /* Images.xcassets in Resources */ = {isa = PBXBuildFile; fileRef = 1760207B19D2EA1400093F06 /* Images.xcassets */; };
		1760208319D2EA1400093F06 /* XCTest.framework in Frameworks */ = {isa = PBXBuildFile; fileRef = 1760208219D2EA1400093F06 /* XCTest.framework */; };
		1760208419D2EA1400093F06 /* Foundation.framework in Frameworks */ = {isa = PBXBuildFile; fileRef = 1760206019D2EA1400093F06 /* Foundation.framework */; };
		1760208519D2EA1400093F06 /* UIKit.framework in Frameworks */ = {isa = PBXBuildFile; fileRef = 1760206419D2EA1400093F06 /* UIKit.framework */; };
		1760208D19D2EA1400093F06 /* InfoPlist.strings in Resources */ = {isa = PBXBuildFile; fileRef = 1760208B19D2EA1400093F06 /* InfoPlist.strings */; };
		1760208F19D2EA1400093F06 /* WindowWorldTests.m in Sources */ = {isa = PBXBuildFile; fileRef = 1760208E19D2EA1400093F06 /* WindowWorldTests.m */; };
		1760209D19D2F17F00093F06 /* SRSCollectionViewLoginCell.m in Sources */ = {isa = PBXBuildFile; fileRef = 1760209C19D2F17F00093F06 /* SRSCollectionViewLoginCell.m */; };
		17C5E9631A3E52AD00A558C1 /* SRSAJAXService.m in Sources */ = {isa = PBXBuildFile; fileRef = 17C5E9621A3E52AD00A558C1 /* SRSAJAXService.m */; };
		17C5E9661A3E52FB00A558C1 /* SRSDatabaseService.m in Sources */ = {isa = PBXBuildFile; fileRef = 17C5E9651A3E52FB00A558C1 /* SRSDatabaseService.m */; };
		17C5E96B1A3E63AB00A558C1 /* SRSMainCollectionViewController.m in Sources */ = {isa = PBXBuildFile; fileRef = 17C5E96A1A3E63AB00A558C1 /* SRSMainCollectionViewController.m */; };
/* End PBXBuildFile section */

/* Begin PBXContainerItemProxy section */
		1760208619D2EA1400093F06 /* PBXContainerItemProxy */ = {
			isa = PBXContainerItemProxy;
			containerPortal = 1760205519D2EA1400093F06 /* Project object */;
			proxyType = 1;
			remoteGlobalIDString = 1760205C19D2EA1400093F06;
			remoteInfo = WindowWorld;
		};
/* End PBXContainerItemProxy section */

/* Begin PBXFileReference section */
		1760205D19D2EA1400093F06 /* WindowWorld.app */ = {isa = PBXFileReference; explicitFileType = wrapper.application; includeInIndex = 0; path = WindowWorld.app; sourceTree = BUILT_PRODUCTS_DIR; };
		1760206019D2EA1400093F06 /* Foundation.framework */ = {isa = PBXFileReference; lastKnownFileType = wrapper.framework; name = Foundation.framework; path = System/Library/Frameworks/Foundation.framework; sourceTree = SDKROOT; };
		1760206219D2EA1400093F06 /* CoreGraphics.framework */ = {isa = PBXFileReference; lastKnownFileType = wrapper.framework; name = CoreGraphics.framework; path = System/Library/Frameworks/CoreGraphics.framework; sourceTree = SDKROOT; };
		1760206419D2EA1400093F06 /* UIKit.framework */ = {isa = PBXFileReference; lastKnownFileType = wrapper.framework; name = UIKit.framework; path = System/Library/Frameworks/UIKit.framework; sourceTree = SDKROOT; };
		1760206819D2EA1400093F06 /* WindowWorld-Info.plist */ = {isa = PBXFileReference; lastKnownFileType = text.plist.xml; path = "WindowWorld-Info.plist"; sourceTree = "<group>"; };
		1760206A19D2EA1400093F06 /* en */ = {isa = PBXFileReference; lastKnownFileType = text.plist.strings; name = en; path = en.lproj/InfoPlist.strings; sourceTree = "<group>"; };
		1760206C19D2EA1400093F06 /* main.m */ = {isa = PBXFileReference; lastKnownFileType = sourcecode.c.objc; path = main.m; sourceTree = "<group>"; };
		1760206E19D2EA1400093F06 /* WindowWorld-Prefix.pch */ = {isa = PBXFileReference; lastKnownFileType = sourcecode.c.h; path = "WindowWorld-Prefix.pch"; sourceTree = "<group>"; };
		1760206F19D2EA1400093F06 /* SRSAppDelegate.h */ = {isa = PBXFileReference; lastKnownFileType = sourcecode.c.h; path = SRSAppDelegate.h; sourceTree = "<group>"; };
		1760207019D2EA1400093F06 /* SRSAppDelegate.m */ = {isa = PBXFileReference; lastKnownFileType = sourcecode.c.objc; path = SRSAppDelegate.m; sourceTree = "<group>"; };
		1760207319D2EA1400093F06 /* Base */ = {isa = PBXFileReference; lastKnownFileType = file.storyboard; name = Base; path = Base.lproj/Main_iPhone.storyboard; sourceTree = "<group>"; };
		1760207619D2EA1400093F06 /* Base */ = {isa = PBXFileReference; lastKnownFileType = file.storyboard; name = Base; path = Base.lproj/Main_iPad.storyboard; sourceTree = "<group>"; };
		1760207819D2EA1400093F06 /* SRSViewController.h */ = {isa = PBXFileReference; lastKnownFileType = sourcecode.c.h; path = SRSViewController.h; sourceTree = "<group>"; };
		1760207919D2EA1400093F06 /* SRSViewController.m */ = {isa = PBXFileReference; lastKnownFileType = sourcecode.c.objc; path = SRSViewController.m; sourceTree = "<group>"; };
		1760207B19D2EA1400093F06 /* Images.xcassets */ = {isa = PBXFileReference; lastKnownFileType = folder.assetcatalog; path = Images.xcassets; sourceTree = "<group>"; };
		1760208119D2EA1400093F06 /* WindowWorldTests.xctest */ = {isa = PBXFileReference; explicitFileType = wrapper.cfbundle; includeInIndex = 0; path = WindowWorldTests.xctest; sourceTree = BUILT_PRODUCTS_DIR; };
		1760208219D2EA1400093F06 /* XCTest.framework */ = {isa = PBXFileReference; lastKnownFileType = wrapper.framework; name = XCTest.framework; path = Library/Frameworks/XCTest.framework; sourceTree = DEVELOPER_DIR; };
		1760208A19D2EA1400093F06 /* WindowWorldTests-Info.plist */ = {isa = PBXFileReference; lastKnownFileType = text.plist.xml; path = "WindowWorldTests-Info.plist"; sourceTree = "<group>"; };
		1760208C19D2EA1400093F06 /* en */ = {isa = PBXFileReference; lastKnownFileType = text.plist.strings; name = en; path = en.lproj/InfoPlist.strings; sourceTree = "<group>"; };
		1760208E19D2EA1400093F06 /* WindowWorldTests.m */ = {isa = PBXFileReference; lastKnownFileType = sourcecode.c.objc; path = WindowWorldTests.m; sourceTree = "<group>"; };
		1760209B19D2F17F00093F06 /* SRSCollectionViewLoginCell.h */ = {isa = PBXFileReference; fileEncoding = 4; lastKnownFileType = sourcecode.c.h; path = SRSCollectionViewLoginCell.h; sourceTree = "<group>"; };
		1760209C19D2F17F00093F06 /* SRSCollectionViewLoginCell.m */ = {isa = PBXFileReference; fileEncoding = 4; lastKnownFileType = sourcecode.c.objc; path = SRSCollectionViewLoginCell.m; sourceTree = "<group>"; };
		17739A2E1A3E69B700537189 /* SRSProtocols.h */ = {isa = PBXFileReference; fileEncoding = 4; lastKnownFileType = sourcecode.c.h; path = SRSProtocols.h; sourceTree = "<group>"; };
		17C5E9611A3E52AD00A558C1 /* SRSAJAXService.h */ = {isa = PBXFileReference; fileEncoding = 4; lastKnownFileType = sourcecode.c.h; path = SRSAJAXService.h; sourceTree = "<group>"; };
		17C5E9621A3E52AD00A558C1 /* SRSAJAXService.m */ = {isa = PBXFileReference; fileEncoding = 4; lastKnownFileType = sourcecode.c.objc; path = SRSAJAXService.m; sourceTree = "<group>"; };
		17C5E9641A3E52FB00A558C1 /* SRSDatabaseService.h */ = {isa = PBXFileReference; fileEncoding = 4; lastKnownFileType = sourcecode.c.h; path = SRSDatabaseService.h; sourceTree = "<group>"; };
		17C5E9651A3E52FB00A558C1 /* SRSDatabaseService.m */ = {isa = PBXFileReference; fileEncoding = 4; lastKnownFileType = sourcecode.c.objc; path = SRSDatabaseService.m; sourceTree = "<group>"; };
		17C5E9691A3E63AB00A558C1 /* SRSMainCollectionViewController.h */ = {isa = PBXFileReference; fileEncoding = 4; lastKnownFileType = sourcecode.c.h; path = SRSMainCollectionViewController.h; sourceTree = "<group>"; };
		17C5E96A1A3E63AB00A558C1 /* SRSMainCollectionViewController.m */ = {isa = PBXFileReference; fileEncoding = 4; lastKnownFileType = sourcecode.c.objc; path = SRSMainCollectionViewController.m; sourceTree = "<group>"; };
/* End PBXFileReference section */

/* Begin PBXFrameworksBuildPhase section */
		1760205A19D2EA1400093F06 /* Frameworks */ = {
			isa = PBXFrameworksBuildPhase;
			buildActionMask = 2147483647;
			files = (
				1760206319D2EA1400093F06 /* CoreGraphics.framework in Frameworks */,
				1760206519D2EA1400093F06 /* UIKit.framework in Frameworks */,
				1760206119D2EA1400093F06 /* Foundation.framework in Frameworks */,
			);
			runOnlyForDeploymentPostprocessing = 0;
		};
		1760207E19D2EA1400093F06 /* Frameworks */ = {
			isa = PBXFrameworksBuildPhase;
			buildActionMask = 2147483647;
			files = (
				1760208319D2EA1400093F06 /* XCTest.framework in Frameworks */,
				1760208519D2EA1400093F06 /* UIKit.framework in Frameworks */,
				1760208419D2EA1400093F06 /* Foundation.framework in Frameworks */,
			);
			runOnlyForDeploymentPostprocessing = 0;
		};
/* End PBXFrameworksBuildPhase section */

/* Begin PBXGroup section */
		1760205419D2EA1400093F06 = {
			isa = PBXGroup;
			children = (
				1760206619D2EA1400093F06 /* WindowWorld */,
				1760208819D2EA1400093F06 /* WindowWorldTests */,
				1760205F19D2EA1400093F06 /* Frameworks */,
				1760205E19D2EA1400093F06 /* Products */,
			);
			sourceTree = "<group>";
		};
		1760205E19D2EA1400093F06 /* Products */ = {
			isa = PBXGroup;
			children = (
				1760205D19D2EA1400093F06 /* WindowWorld.app */,
				1760208119D2EA1400093F06 /* WindowWorldTests.xctest */,
			);
			name = Products;
			sourceTree = "<group>";
		};
		1760205F19D2EA1400093F06 /* Frameworks */ = {
			isa = PBXGroup;
			children = (
				1760206019D2EA1400093F06 /* Foundation.framework */,
				1760206219D2EA1400093F06 /* CoreGraphics.framework */,
				1760206419D2EA1400093F06 /* UIKit.framework */,
				1760208219D2EA1400093F06 /* XCTest.framework */,
			);
			name = Frameworks;
			sourceTree = "<group>";
		};
		1760206619D2EA1400093F06 /* WindowWorld */ = {
			isa = PBXGroup;
			children = (
				1760206F19D2EA1400093F06 /* SRSAppDelegate.h */,
				1760207019D2EA1400093F06 /* SRSAppDelegate.m */,
				1760207219D2EA1400093F06 /* Main_iPhone.storyboard */,
				17C5E9671A3E530C00A558C1 /* Model */,
				1760207519D2EA1400093F06 /* Main_iPad.storyboard */,
				17C5E96D1A3E63C100A558C1 /* View */,
				1760207B19D2EA1400093F06 /* Images.xcassets */,
				1760206719D2EA1400093F06 /* Supporting Files */,
			);
			path = WindowWorld;
			sourceTree = "<group>";
		};
		1760206719D2EA1400093F06 /* Supporting Files */ = {
			isa = PBXGroup;
			children = (
				1760206819D2EA1400093F06 /* WindowWorld-Info.plist */,
				1760206919D2EA1400093F06 /* InfoPlist.strings */,
				1760206C19D2EA1400093F06 /* main.m */,
				1760206E19D2EA1400093F06 /* WindowWorld-Prefix.pch */,
			);
			name = "Supporting Files";
			sourceTree = "<group>";
		};
		1760208819D2EA1400093F06 /* WindowWorldTests */ = {
			isa = PBXGroup;
			children = (
				1760208E19D2EA1400093F06 /* WindowWorldTests.m */,
				1760208919D2EA1400093F06 /* Supporting Files */,
			);
			path = WindowWorldTests;
			sourceTree = "<group>";
		};
		1760208919D2EA1400093F06 /* Supporting Files */ = {
			isa = PBXGroup;
			children = (
				1760208A19D2EA1400093F06 /* WindowWorldTests-Info.plist */,
				1760208B19D2EA1400093F06 /* InfoPlist.strings */,
			);
			name = "Supporting Files";
			sourceTree = "<group>";
		};
		17C5E9671A3E530C00A558C1 /* Model */ = {
			isa = PBXGroup;
			children = (
				17C5E9611A3E52AD00A558C1 /* SRSAJAXService.h */,
				17C5E9621A3E52AD00A558C1 /* SRSAJAXService.m */,
				17C5E9641A3E52FB00A558C1 /* SRSDatabaseService.h */,
				17C5E9651A3E52FB00A558C1 /* SRSDatabaseService.m */,
			);
			name = Model;
			sourceTree = "<group>";
		};
		17C5E9681A3E638800A558C1 /* Login */ = {
			isa = PBXGroup;
			children = (
				1760207819D2EA1400093F06 /* SRSViewController.h */,
				1760207919D2EA1400093F06 /* SRSViewController.m */,
				1760209B19D2F17F00093F06 /* SRSCollectionViewLoginCell.h */,
				1760209C19D2F17F00093F06 /* SRSCollectionViewLoginCell.m */,
			);
			name = Login;
			sourceTree = "<group>";
		};
		17C5E96C1A3E63B300A558C1 /* MainMenu */ = {
			isa = PBXGroup;
			children = (
				17C5E9691A3E63AB00A558C1 /* SRSMainCollectionViewController.h */,
				17C5E96A1A3E63AB00A558C1 /* SRSMainCollectionViewController.m */,
			);
			name = MainMenu;
			sourceTree = "<group>";
		};
		17C5E96D1A3E63C100A558C1 /* View */ = {
			isa = PBXGroup;
			children = (
				17739A2E1A3E69B700537189 /* SRSProtocols.h */,
				17C5E96C1A3E63B300A558C1 /* MainMenu */,
				17C5E9681A3E638800A558C1 /* Login */,
			);
			name = View;
			sourceTree = "<group>";
		};
/* End PBXGroup section */

/* Begin PBXNativeTarget section */
		1760205C19D2EA1400093F06 /* WindowWorld */ = {
			isa = PBXNativeTarget;
			buildConfigurationList = 1760209219D2EA1400093F06 /* Build configuration list for PBXNativeTarget "WindowWorld" */;
			buildPhases = (
				1760205919D2EA1400093F06 /* Sources */,
				1760205A19D2EA1400093F06 /* Frameworks */,
				1760205B19D2EA1400093F06 /* Resources */,
			);
			buildRules = (
			);
			dependencies = (
			);
			name = WindowWorld;
			productName = WindowWorld;
			productReference = 1760205D19D2EA1400093F06 /* WindowWorld.app */;
			productType = "com.apple.product-type.application";
		};
		1760208019D2EA1400093F06 /* WindowWorldTests */ = {
			isa = PBXNativeTarget;
			buildConfigurationList = 1760209519D2EA1400093F06 /* Build configuration list for PBXNativeTarget "WindowWorldTests" */;
			buildPhases = (
				1760207D19D2EA1400093F06 /* Sources */,
				1760207E19D2EA1400093F06 /* Frameworks */,
				1760207F19D2EA1400093F06 /* Resources */,
			);
			buildRules = (
			);
			dependencies = (
				1760208719D2EA1400093F06 /* PBXTargetDependency */,
			);
			name = WindowWorldTests;
			productName = WindowWorldTests;
			productReference = 1760208119D2EA1400093F06 /* WindowWorldTests.xctest */;
			productType = "com.apple.product-type.bundle.unit-test";
		};
/* End PBXNativeTarget section */

/* Begin PBXProject section */
		1760205519D2EA1400093F06 /* Project object */ = {
			isa = PBXProject;
			attributes = {
				CLASSPREFIX = SRS;
				LastUpgradeCheck = 0510;
				ORGANIZATIONNAME = "Samuel Seng";
				TargetAttributes = {
					1760208019D2EA1400093F06 = {
						TestTargetID = 1760205C19D2EA1400093F06;
					};
				};
			};
			buildConfigurationList = 1760205819D2EA1400093F06 /* Build configuration list for PBXProject "WindowWorld" */;
			compatibilityVersion = "Xcode 3.2";
			developmentRegion = English;
			hasScannedForEncodings = 0;
			knownRegions = (
				en,
				Base,
			);
			mainGroup = 1760205419D2EA1400093F06;
			productRefGroup = 1760205E19D2EA1400093F06 /* Products */;
			projectDirPath = "";
			projectRoot = "";
			targets = (
				1760205C19D2EA1400093F06 /* WindowWorld */,
				1760208019D2EA1400093F06 /* WindowWorldTests */,
			);
		};
/* End PBXProject section */

/* Begin PBXResourcesBuildPhase section */
		1760205B19D2EA1400093F06 /* Resources */ = {
			isa = PBXResourcesBuildPhase;
			buildActionMask = 2147483647;
			files = (
				1760207719D2EA1400093F06 /* Main_iPad.storyboard in Resources */,
				1760207C19D2EA1400093F06 /* Images.xcassets in Resources */,
				1760207419D2EA1400093F06 /* Main_iPhone.storyboard in Resources */,
				1760206B19D2EA1400093F06 /* InfoPlist.strings in Resources */,
			);
			runOnlyForDeploymentPostprocessing = 0;
		};
		1760207F19D2EA1400093F06 /* Resources */ = {
			isa = PBXResourcesBuildPhase;
			buildActionMask = 2147483647;
			files = (
				1760208D19D2EA1400093F06 /* InfoPlist.strings in Resources */,
			);
			runOnlyForDeploymentPostprocessing = 0;
		};
/* End PBXResourcesBuildPhase section */

/* Begin PBXSourcesBuildPhase section */
		1760205919D2EA1400093F06 /* Sources */ = {
			isa = PBXSourcesBuildPhase;
			buildActionMask = 2147483647;
			files = (
				1760206D19D2EA1400093F06 /* main.m in Sources */,
				1760207119D2EA1400093F06 /* SRSAppDelegate.m in Sources */,
				17C5E96B1A3E63AB00A558C1 /* SRSMainCollectionViewController.m in Sources */,
				1760207A19D2EA1400093F06 /* SRSViewController.m in Sources */,
				17C5E9661A3E52FB00A558C1 /* SRSDatabaseService.m in Sources */,
				17C5E9631A3E52AD00A558C1 /* SRSAJAXService.m in Sources */,
				1760209D19D2F17F00093F06 /* SRSCollectionViewLoginCell.m in Sources */,
			);
			runOnlyForDeploymentPostprocessing = 0;
		};
		1760207D19D2EA1400093F06 /* Sources */ = {
			isa = PBXSourcesBuildPhase;
			buildActionMask = 2147483647;
			files = (
				1760208F19D2EA1400093F06 /* WindowWorldTests.m in Sources */,
			);
			runOnlyForDeploymentPostprocessing = 0;
		};
/* End PBXSourcesBuildPhase section */

/* Begin PBXTargetDependency section */
		1760208719D2EA1400093F06 /* PBXTargetDependency */ = {
			isa = PBXTargetDependency;
			target = 1760205C19D2EA1400093F06 /* WindowWorld */;
			targetProxy = 1760208619D2EA1400093F06 /* PBXContainerItemProxy */;
		};
/* End PBXTargetDependency section */

/* Begin PBXVariantGroup section */
		1760206919D2EA1400093F06 /* InfoPlist.strings */ = {
			isa = PBXVariantGroup;
			children = (
				1760206A19D2EA1400093F06 /* en */,
			);
			name = InfoPlist.strings;
			sourceTree = "<group>";
		};
		1760207219D2EA1400093F06 /* Main_iPhone.storyboard */ = {
			isa = PBXVariantGroup;
			children = (
				1760207319D2EA1400093F06 /* Base */,
			);
			name = Main_iPhone.storyboard;
			sourceTree = "<group>";
		};
		1760207519D2EA1400093F06 /* Main_iPad.storyboard */ = {
			isa = PBXVariantGroup;
			children = (
				1760207619D2EA1400093F06 /* Base */,
			);
			name = Main_iPad.storyboard;
			sourceTree = "<group>";
		};
		1760208B19D2EA1400093F06 /* InfoPlist.strings */ = {
			isa = PBXVariantGroup;
			children = (
				1760208C19D2EA1400093F06 /* en */,
			);
			name = InfoPlist.strings;
			sourceTree = "<group>";
		};
/* End PBXVariantGroup section */

/* Begin XCBuildConfiguration section */
		1760209019D2EA1400093F06 /* Debug */ = {
			isa = XCBuildConfiguration;
			buildSettings = {
				ALWAYS_SEARCH_USER_PATHS = NO;
				CLANG_CXX_LANGUAGE_STANDARD = "gnu++0x";
				CLANG_CXX_LIBRARY = "libc++";
				CLANG_ENABLE_MODULES = YES;
				CLANG_ENABLE_OBJC_ARC = YES;
				CLANG_WARN_BOOL_CONVERSION = YES;
				CLANG_WARN_CONSTANT_CONVERSION = YES;
				CLANG_WARN_DIRECT_OBJC_ISA_USAGE = YES_ERROR;
				CLANG_WARN_EMPTY_BODY = YES;
				CLANG_WARN_ENUM_CONVERSION = YES;
				CLANG_WARN_INT_CONVERSION = YES;
				CLANG_WARN_OBJC_ROOT_CLASS = YES_ERROR;
				CLANG_WARN__DUPLICATE_METHOD_MATCH = YES;
				"CODE_SIGN_IDENTITY[sdk=iphoneos*]" = "iPhone Developer";
				COPY_PHASE_STRIP = NO;
				GCC_C_LANGUAGE_STANDARD = gnu99;
				GCC_DYNAMIC_NO_PIC = NO;
				GCC_OPTIMIZATION_LEVEL = 0;
				GCC_PREPROCESSOR_DEFINITIONS = (
					"DEBUG=1",
					"$(inherited)",
				);
				GCC_SYMBOLS_PRIVATE_EXTERN = NO;
				GCC_WARN_64_TO_32_BIT_CONVERSION = YES;
				GCC_WARN_ABOUT_RETURN_TYPE = YES_ERROR;
				GCC_WARN_UNDECLARED_SELECTOR = YES;
				GCC_WARN_UNINITIALIZED_AUTOS = YES_AGGRESSIVE;
				GCC_WARN_UNUSED_FUNCTION = YES;
				GCC_WARN_UNUSED_VARIABLE = YES;
				IPHONEOS_DEPLOYMENT_TARGET = 7.1;
				ONLY_ACTIVE_ARCH = YES;
				SDKROOT = iphoneos;
				TARGETED_DEVICE_FAMILY = "1,2";
			};
			name = Debug;
		};
		1760209119D2EA1400093F06 /* Release */ = {
			isa = XCBuildConfiguration;
			buildSettings = {
				ALWAYS_SEARCH_USER_PATHS = NO;
				CLANG_CXX_LANGUAGE_STANDARD = "gnu++0x";
				CLANG_CXX_LIBRARY = "libc++";
				CLANG_ENABLE_MODULES = YES;
				CLANG_ENABLE_OBJC_ARC = YES;
				CLANG_WARN_BOOL_CONVERSION = YES;
				CLANG_WARN_CONSTANT_CONVERSION = YES;
				CLANG_WARN_DIRECT_OBJC_ISA_USAGE = YES_ERROR;
				CLANG_WARN_EMPTY_BODY = YES;
				CLANG_WARN_ENUM_CONVERSION = YES;
				CLANG_WARN_INT_CONVERSION = YES;
				CLANG_WARN_OBJC_ROOT_CLASS = YES_ERROR;
				CLANG_WARN__DUPLICATE_METHOD_MATCH = YES;
				"CODE_SIGN_IDENTITY[sdk=iphoneos*]" = "iPhone Developer";
				COPY_PHASE_STRIP = YES;
				ENABLE_NS_ASSERTIONS = NO;
				GCC_C_LANGUAGE_STANDARD = gnu99;
				GCC_WARN_64_TO_32_BIT_CONVERSION = YES;
				GCC_WARN_ABOUT_RETURN_TYPE = YES_ERROR;
				GCC_WARN_UNDECLARED_SELECTOR = YES;
				GCC_WARN_UNINITIALIZED_AUTOS = YES_AGGRESSIVE;
				GCC_WARN_UNUSED_FUNCTION = YES;
				GCC_WARN_UNUSED_VARIABLE = YES;
				IPHONEOS_DEPLOYMENT_TARGET = 7.1;
				SDKROOT = iphoneos;
				TARGETED_DEVICE_FAMILY = "1,2";
				VALIDATE_PRODUCT = YES;
			};
			name = Release;
		};
		1760209319D2EA1400093F06 /* Debug */ = {
			isa = XCBuildConfiguration;
			buildSettings = {
				ASSETCATALOG_COMPILER_APPICON_NAME = AppIcon;
				ASSETCATALOG_COMPILER_LAUNCHIMAGE_NAME = LaunchImage;
				GCC_PRECOMPILE_PREFIX_HEADER = YES;
				GCC_PREFIX_HEADER = "WindowWorld/WindowWorld-Prefix.pch";
				INFOPLIST_FILE = "WindowWorld/WindowWorld-Info.plist";
				PRODUCT_NAME = "$(TARGET_NAME)";
				WRAPPER_EXTENSION = app;
			};
			name = Debug;
		};
		1760209419D2EA1400093F06 /* Release */ = {
			isa = XCBuildConfiguration;
			buildSettings = {
				ASSETCATALOG_COMPILER_APPICON_NAME = AppIcon;
				ASSETCATALOG_COMPILER_LAUNCHIMAGE_NAME = LaunchImage;
				GCC_PRECOMPILE_PREFIX_HEADER = YES;
				GCC_PREFIX_HEADER = "WindowWorld/WindowWorld-Prefix.pch";
				INFOPLIST_FILE = "WindowWorld/WindowWorld-Info.plist";
				PRODUCT_NAME = "$(TARGET_NAME)";
				WRAPPER_EXTENSION = app;
			};
			name = Release;
		};
		1760209619D2EA1400093F06 /* Debug */ = {
			isa = XCBuildConfiguration;
			buildSettings = {
				BUNDLE_LOADER = "$(BUILT_PRODUCTS_DIR)/WindowWorld.app/WindowWorld";
				FRAMEWORK_SEARCH_PATHS = (
					"$(SDKROOT)/Developer/Library/Frameworks",
					"$(inherited)",
					"$(DEVELOPER_FRAMEWORKS_DIR)",
				);
				GCC_PRECOMPILE_PREFIX_HEADER = YES;
				GCC_PREFIX_HEADER = "WindowWorld/WindowWorld-Prefix.pch";
				GCC_PREPROCESSOR_DEFINITIONS = (
					"DEBUG=1",
					"$(inherited)",
				);
				INFOPLIST_FILE = "WindowWorldTests/WindowWorldTests-Info.plist";
				PRODUCT_NAME = "$(TARGET_NAME)";
				TEST_HOST = "$(BUNDLE_LOADER)";
				WRAPPER_EXTENSION = xctest;
			};
			name = Debug;
		};
		1760209719D2EA1400093F06 /* Release */ = {
			isa = XCBuildConfiguration;
			buildSettings = {
				BUNDLE_LOADER = "$(BUILT_PRODUCTS_DIR)/WindowWorld.app/WindowWorld";
				FRAMEWORK_SEARCH_PATHS = (
					"$(SDKROOT)/Developer/Library/Frameworks",
					"$(inherited)",
					"$(DEVELOPER_FRAMEWORKS_DIR)",
				);
				GCC_PRECOMPILE_PREFIX_HEADER = YES;
				GCC_PREFIX_HEADER = "WindowWorld/WindowWorld-Prefix.pch";
				INFOPLIST_FILE = "WindowWorldTests/WindowWorldTests-Info.plist";
				PRODUCT_NAME = "$(TARGET_NAME)";
				TEST_HOST = "$(BUNDLE_LOADER)";
				WRAPPER_EXTENSION = xctest;
			};
			name = Release;
		};
/* End XCBuildConfiguration section */

/* Begin XCConfigurationList section */
		1760205819D2EA1400093F06 /* Build configuration list for PBXProject "WindowWorld" */ = {
			isa = XCConfigurationList;
			buildConfigurations = (
				1760209019D2EA1400093F06 /* Debug */,
				1760209119D2EA1400093F06 /* Release */,
			);
			defaultConfigurationIsVisible = 0;
			defaultConfigurationName = Release;
		};
		1760209219D2EA1400093F06 /* Build configuration list for PBXNativeTarget "WindowWorld" */ = {
			isa = XCConfigurationList;
			buildConfigurations = (
				1760209319D2EA1400093F06 /* Debug */,
				1760209419D2EA1400093F06 /* Release */,
			);
			defaultConfigurationIsVisible = 0;
			defaultConfigurationName = Release;
		};
		1760209519D2EA1400093F06 /* Build configuration list for PBXNativeTarget "WindowWorldTests" */ = {
			isa = XCConfigurationList;
			buildConfigurations = (
				1760209619D2EA1400093F06 /* Debug */,
				1760209719D2EA1400093F06 /* Release */,
			);
			defaultConfigurationIsVisible = 0;
			defaultConfigurationName = Release;
		};
/* End XCConfigurationList section */
	};
	rootObject = 1760205519D2EA1400093F06 /* Project object */;
}
